
Microsoft Visual Studio Solution File, Format Version 12.00
# Visual Studio 2012
Project("{FAE04EC0-301F-11D3-BF4B-00C04F79EFBC}") = "firstAndLast", "firstAndLast\firstAndLast.csproj", "{066F9DE8-5F38-4E01-B03F-C8A05ABA2E8A}"
EndProject
Project("{FAE04EC0-301F-11D3-BF4B-00C04F79EFBC}") = "UnitTestProject1", "UnitTestProject1\UnitTestProject1.csproj", "{72E0A78B-D26C-408E-BEF9-1556EDABEADD}"
EndProject
Global
	GlobalSection(SolutionConfigurationPlatforms) = preSolution
		Debug|Any CPU = Debug|Any CPU
		Release|Any CPU = Release|Any CPU
	EndGlobalSection
	GlobalSection(ProjectConfigurationPlatforms) = postSolution
		{066F9DE8-5F38-4E01-B03F-C8A05ABA2E8A}.Debug|Any CPU.ActiveCfg = Debug|Any CPU
		{066F9DE8-5F38-4E01-B03F-C8A05ABA2E8A}.Debug|Any CPU.Build.0 = Debug|Any CPU
		{066F9DE8-5F38-4E01-B03F-C8A05ABA2E8A}.Release|Any CPU.ActiveCfg = Release|Any CPU
		{066F9DE8-5F38-4E01-B03F-C8A05ABA2E8A}.Release|Any CPU.Build.0 = Release|Any CPU
		{72E0A78B-D26C-408E-BEF9-1556EDABEADD}.Debug|Any CPU.ActiveCfg = Debug|Any CPU
		{72E0A78B-D26C-408E-BEF9-1556EDABEADD}.Debug|Any CPU.Build.0 = Debug|Any CPU
		{72E0A78B-D26C-408E-BEF9-1556EDABEADD}.Release|Any CPU.ActiveCfg = Release|Any CPU
		{72E0A78B-D26C-408E-BEF9-1556EDABEADD}.Release|Any CPU.Build.0 = Release|Any CPU
	EndGlobalSection
	GlobalSection(SolutionProperties) = preSolution
		HideSolutionNode = FALSE
	EndGlobalSection
EndGlobal
